
Microsoft Visual Studio Solution File, Format Version 12.00
# Visual Studio Version 16
VisualStudioVersion = 16.0.30320.27
MinimumVisualStudioVersion = 10.0.40219.1
Project("{FAE04EC0-301F-11D3-BF4B-00C04F79EFBC}") = "AYAT_COMMISION_MANAGEMENT", "AYAT_COMMISION_MANAGEMENT\AYAT_COMMISION_MANAGEMENT.csproj", "{AD0A9EC0-422A-4982-865C-037209D2EA02}"
EndProject
Project("{FAE04EC0-301F-11D3-BF4B-00C04F79EFBC}") = "AyatDataAccess", "..\AyatDataAccess\AyatDataAccess.csproj", "{5DB901A2-D37E-4933-8F12-5F1C9B244D15}"
EndProject
Project("{FAE04EC0-301F-11D3-BF4B-00C04F79EFBC}") = "AyatProcessManager", "..\AyatProcessManager\AyatProcessManager.csproj", "{59FB39E4-0FD2-4587-9001-188DBF66A2B2}"
EndProject
Global
	GlobalSection(SolutionConfigurationPlatforms) = preSolution
		Debug|Any CPU = Debug|Any CPU
		Release|Any CPU = Release|Any CPU
	EndGlobalSection
	GlobalSection(ProjectConfigurationPlatforms) = postSolution
		{AD0A9EC0-422A-4982-865C-037209D2EA02}.Debug|Any CPU.ActiveCfg = Debug|Any CPU
		{AD0A9EC0-422A-4982-865C-037209D2EA02}.Debug|Any CPU.Build.0 = Debug|Any CPU
		{AD0A9EC0-422A-4982-865C-037209D2EA02}.Release|Any CPU.ActiveCfg = Release|Any CPU
		{AD0A9EC0-422A-4982-865C-037209D2EA02}.Release|Any CPU.Build.0 = Release|Any CPU
		{5DB901A2-D37E-4933-8F12-5F1C9B244D15}.Debug|Any CPU.ActiveCfg = Debug|Any CPU
		{5DB901A2-D37E-4933-8F12-5F1C9B244D15}.Debug|Any CPU.Build.0 = Debug|Any CPU
		{5DB901A2-D37E-4933-8F12-5F1C9B244D15}.Release|Any CPU.ActiveCfg = Release|Any CPU
		{5DB901A2-D37E-4933-8F12-5F1C9B244D15}.Release|Any CPU.Build.0 = Release|Any CPU
		{59FB39E4-0FD2-4587-9001-188DBF66A2B2}.Debug|Any CPU.ActiveCfg = Debug|Any CPU
		{59FB39E4-0FD2-4587-9001-188DBF66A2B2}.Debug|Any CPU.Build.0 = Debug|Any CPU
		{59FB39E4-0FD2-4587-9001-188DBF66A2B2}.Release|Any CPU.ActiveCfg = Release|Any CPU
		{59FB39E4-0FD2-4587-9001-188DBF66A2B2}.Release|Any CPU.Build.0 = Release|Any CPU
	EndGlobalSection
	GlobalSection(SolutionProperties) = preSolution
		HideSolutionNode = FALSE
	EndGlobalSection
	GlobalSection(ExtensibilityGlobals) = postSolution
		SolutionGuid = {FE89225C-11AA-47F3-A985-3EF77E44A26A}
	EndGlobalSection
EndGlobal
